
Microsoft Visual Studio Solution File, Format Version 12.00
# Visual Studio 2013
VisualStudioVersion = 12.0.40629.0
MinimumVisualStudioVersion = 10.0.40219.1
Project("{FAE04EC0-301F-11D3-BF4B-00C04F79EFBC}") = "Exercicio25", "Exercicio25\Exercicio25.csproj", "{916E6366-7186-498F-B35C-3C280E79945E}"
EndProject
Global
	GlobalSection(SolutionConfigurationPlatforms) = preSolution
		Debug|Any CPU = Debug|Any CPU
		Release|Any CPU = Release|Any CPU
	EndGlobalSection
	GlobalSection(ProjectConfigurationPlatforms) = postSolution
		{916E6366-7186-498F-B35C-3C280E79945E}.Debug|Any CPU.ActiveCfg = Debug|Any CPU
		{916E6366-7186-498F-B35C-3C280E79945E}.Debug|Any CPU.Build.0 = Debug|Any CPU
		{916E6366-7186-498F-B35C-3C280E79945E}.Release|Any CPU.ActiveCfg = Release|Any CPU
		{916E6366-7186-498F-B35C-3C280E79945E}.Release|Any CPU.Build.0 = Release|Any CPU
	EndGlobalSection
	GlobalSection(SolutionProperties) = preSolution
		HideSolutionNode = FALSE
	EndGlobalSection
EndGlobal
